// !$*UTF8*$!
{
	archiveVersion = 1;
	classes = {
	};
	objectVersion = 46;
	objects = {

/* Begin PBXBuildFile section */
		4E505AC6D439F2493D0AD8E7 /* libPods.a in Frameworks */ = {isa = PBXBuildFile; fileRef = 80E1304E1B637C5F23E0661E /* libPods.a */; };
		DFCD2D871B14012800ADB2E7 /* main.m in Sources */ = {isa = PBXBuildFile; fileRef = DFCD2D861B14012800ADB2E7 /* main.m */; };
		DFCD2D8A1B14012800ADB2E7 /* AppDelegate.m in Sources */ = {isa = PBXBuildFile; fileRef = DFCD2D891B14012800ADB2E7 /* AppDelegate.m */; };
		DFCD2D8D1B14012800ADB2E7 /* ViewController.m in Sources */ = {isa = PBXBuildFile; fileRef = DFCD2D8C1B14012800ADB2E7 /* ViewController.m */; };
		DFCD2D901B14012800ADB2E7 /* Main.storyboard in Resources */ = {isa = PBXBuildFile; fileRef = DFCD2D8E1B14012800ADB2E7 /* Main.storyboard */; };
		DFCD2D921B14012800ADB2E7 /* Images.xcassets in Resources */ = {isa = PBXBuildFile; fileRef = DFCD2D911B14012800ADB2E7 /* Images.xcassets */; };
		DFCD2D951B14012800ADB2E7 /* LaunchScreen.xib in Resources */ = {isa = PBXBuildFile; fileRef = DFCD2D931B14012800ADB2E7 /* LaunchScreen.xib */; };
		DFCD2DA11B14012800ADB2E7 /* CLImageViewerDemoTests.m in Sources */ = {isa = PBXBuildFile; fileRef = DFCD2DA01B14012800ADB2E7 /* CLImageViewerDemoTests.m */; };
		DFCD2DBF1B14095700ADB2E7 /* CLExample1TableViewController.m in Sources */ = {isa = PBXBuildFile; fileRef = DFCD2DBE1B14095700ADB2E7 /* CLExample1TableViewController.m */; };
		DFCD2DC21B14096E00ADB2E7 /* CLExample2TableViewController.m in Sources */ = {isa = PBXBuildFile; fileRef = DFCD2DC11B14096E00ADB2E7 /* CLExample2TableViewController.m */; };
		DFCD2DC51B140AB800ADB2E7 /* CLExample1Cell.m in Sources */ = {isa = PBXBuildFile; fileRef = DFCD2DC41B140AB800ADB2E7 /* CLExample1Cell.m */; };
		DFCD2DC81B140AD400ADB2E7 /* CLExample2Cell.m in Sources */ = {isa = PBXBuildFile; fileRef = DFCD2DC71B140AD400ADB2E7 /* CLExample2Cell.m */; };
/* End PBXBuildFile section */

/* Begin PBXContainerItemProxy section */
		DFCD2D9B1B14012800ADB2E7 /* PBXContainerItemProxy */ = {
			isa = PBXContainerItemProxy;
			containerPortal = DFCD2D791B14012800ADB2E7 /* Project object */;
			proxyType = 1;
			remoteGlobalIDString = DFCD2D801B14012800ADB2E7;
			remoteInfo = CLImageViewerDemo;
		};
/* End PBXContainerItemProxy section */

/* Begin PBXFileReference section */
		5FB56DC6F4C8114BD7F1D56F /* Pods.debug.xcconfig */ = {isa = PBXFileReference; includeInIndex = 1; lastKnownFileType = text.xcconfig; name = Pods.debug.xcconfig; path = "Pods/Target Support Files/Pods/Pods.debug.xcconfig"; sourceTree = "<group>"; };
		80E1304E1B637C5F23E0661E /* libPods.a */ = {isa = PBXFileReference; explicitFileType = archive.ar; includeInIndex = 0; path = libPods.a; sourceTree = BUILT_PRODUCTS_DIR; };
		8BD6FE3EE10360C017F3DAAB /* Pods.release.xcconfig */ = {isa = PBXFileReference; includeInIndex = 1; lastKnownFileType = text.xcconfig; name = Pods.release.xcconfig; path = "Pods/Target Support Files/Pods/Pods.release.xcconfig"; sourceTree = "<group>"; };
		DFCD2D811B14012800ADB2E7 /* CLImageViewerDemo.app */ = {isa = PBXFileReference; explicitFileType = wrapper.application; includeInIndex = 0; path = CLImageViewerDemo.app; sourceTree = BUILT_PRODUCTS_DIR; };
		DFCD2D851B14012800ADB2E7 /* Info.plist */ = {isa = PBXFileReference; lastKnownFileType = text.plist.xml; path = Info.plist; sourceTree = "<group>"; };
		DFCD2D861B14012800ADB2E7 /* main.m */ = {isa = PBXFileReference; lastKnownFileType = sourcecode.c.objc; path = main.m; sourceTree = "<group>"; };
		DFCD2D881B14012800ADB2E7 /* AppDelegate.h */ = {isa = PBXFileReference; lastKnownFileType = sourcecode.c.h; path = AppDelegate.h; sourceTree = "<group>"; };
		DFCD2D891B14012800ADB2E7 /* AppDelegate.m */ = {isa = PBXFileReference; lastKnownFileType = sourcecode.c.objc; path = AppDelegate.m; sourceTree = "<group>"; };
		DFCD2D8B1B14012800ADB2E7 /* ViewController.h */ = {isa = PBXFileReference; lastKnownFileType = sourcecode.c.h; path = ViewController.h; sourceTree = "<group>"; };
		DFCD2D8C1B14012800ADB2E7 /* ViewController.m */ = {isa = PBXFileReference; lastKnownFileType = sourcecode.c.objc; path = ViewController.m; sourceTree = "<group>"; };
		DFCD2D8F1B14012800ADB2E7 /* Base */ = {isa = PBXFileReference; lastKnownFileType = file.storyboard; name = Base; path = Base.lproj/Main.storyboard; sourceTree = "<group>"; };
		DFCD2D911B14012800ADB2E7 /* Images.xcassets */ = {isa = PBXFileReference; lastKnownFileType = folder.assetcatalog; path = Images.xcassets; sourceTree = "<group>"; };
		DFCD2D941B14012800ADB2E7 /* Base */ = {isa = PBXFileReference; lastKnownFileType = file.xib; name = Base; path = Base.lproj/LaunchScreen.xib; sourceTree = "<group>"; };
		DFCD2D9A1B14012800ADB2E7 /* CLImageViewerDemoTests.xctest */ = {isa = PBXFileReference; explicitFileType = wrapper.cfbundle; includeInIndex = 0; path = CLImageViewerDemoTests.xctest; sourceTree = BUILT_PRODUCTS_DIR; };
		DFCD2D9F1B14012800ADB2E7 /* Info.plist */ = {isa = PBXFileReference; lastKnownFileType = text.plist.xml; path = Info.plist; sourceTree = "<group>"; };
		DFCD2DA01B14012800ADB2E7 /* CLImageViewerDemoTests.m */ = {isa = PBXFileReference; lastKnownFileType = sourcecode.c.objc; path = CLImageViewerDemoTests.m; sourceTree = "<group>"; };
		DFCD2DBD1B14095700ADB2E7 /* CLExample1TableViewController.h */ = {isa = PBXFileReference; fileEncoding = 4; lastKnownFileType = sourcecode.c.h; path = CLExample1TableViewController.h; sourceTree = "<group>"; };
		DFCD2DBE1B14095700ADB2E7 /* CLExample1TableViewController.m */ = {isa = PBXFileReference; fileEncoding = 4; lastKnownFileType = sourcecode.c.objc; path = CLExample1TableViewController.m; sourceTree = "<group>"; };
		DFCD2DC01B14096E00ADB2E7 /* CLExample2TableViewController.h */ = {isa = PBXFileReference; fileEncoding = 4; lastKnownFileType = sourcecode.c.h; path = CLExample2TableViewController.h; sourceTree = "<group>"; };
		DFCD2DC11B14096E00ADB2E7 /* CLExample2TableViewController.m */ = {isa = PBXFileReference; fileEncoding = 4; lastKnownFileType = sourcecode.c.objc; path = CLExample2TableViewController.m; sourceTree = "<group>"; };
		DFCD2DC31B140AB800ADB2E7 /* CLExample1Cell.h */ = {isa = PBXFileReference; fileEncoding = 4; lastKnownFileType = sourcecode.c.h; path = CLExample1Cell.h; sourceTree = "<group>"; };
		DFCD2DC41B140AB800ADB2E7 /* CLExample1Cell.m */ = {isa = PBXFileReference; fileEncoding = 4; lastKnownFileType = sourcecode.c.objc; path = CLExample1Cell.m; sourceTree = "<group>"; };
		DFCD2DC61B140AD400ADB2E7 /* CLExample2Cell.h */ = {isa = PBXFileReference; fileEncoding = 4; lastKnownFileType = sourcecode.c.h; path = CLExample2Cell.h; sourceTree = "<group>"; };
		DFCD2DC71B140AD400ADB2E7 /* CLExample2Cell.m */ = {isa = PBXFileReference; fileEncoding = 4; lastKnownFileType = sourcecode.c.objc; path = CLExample2Cell.m; sourceTree = "<group>"; };
/* End PBXFileReference section */

/* Begin PBXFrameworksBuildPhase section */
		DFCD2D7E1B14012800ADB2E7 /* Frameworks */ = {
			isa = PBXFrameworksBuildPhase;
			buildActionMask = 2147483647;
			files = (
				4E505AC6D439F2493D0AD8E7 /* libPods.a in Frameworks */,
			);
			runOnlyForDeploymentPostprocessing = 0;
		};
		DFCD2D971B14012800ADB2E7 /* Frameworks */ = {
			isa = PBXFrameworksBuildPhase;
			buildActionMask = 2147483647;
			files = (
			);
			runOnlyForDeploymentPostprocessing = 0;
		};
/* End PBXFrameworksBuildPhase section */

/* Begin PBXGroup section */
		2F07F7033DB469A882289D85 /* Frameworks */ = {
			isa = PBXGroup;
			children = (
				80E1304E1B637C5F23E0661E /* libPods.a */,
			);
			name = Frameworks;
			sourceTree = "<group>";
		};
		DFCD2D781B14012800ADB2E7 = {
			isa = PBXGroup;
			children = (
				DFCD2D831B14012800ADB2E7 /* CLImageViewerDemo */,
				DFCD2D9D1B14012800ADB2E7 /* CLImageViewerDemoTests */,
				DFCD2D821B14012800ADB2E7 /* Products */,
				E60E86AAB2CC2827F644D684 /* Pods */,
				2F07F7033DB469A882289D85 /* Frameworks */,
			);
			sourceTree = "<group>";
		};
		DFCD2D821B14012800ADB2E7 /* Products */ = {
			isa = PBXGroup;
			children = (
				DFCD2D811B14012800ADB2E7 /* CLImageViewerDemo.app */,
				DFCD2D9A1B14012800ADB2E7 /* CLImageViewerDemoTests.xctest */,
			);
			name = Products;
			sourceTree = "<group>";
		};
		DFCD2D831B14012800ADB2E7 /* CLImageViewerDemo */ = {
			isa = PBXGroup;
			children = (
				DFCD2D881B14012800ADB2E7 /* AppDelegate.h */,
				DFCD2D891B14012800ADB2E7 /* AppDelegate.m */,
				DFCD2D8B1B14012800ADB2E7 /* ViewController.h */,
				DFCD2D8C1B14012800ADB2E7 /* ViewController.m */,
				DFCD2D8E1B14012800ADB2E7 /* Main.storyboard */,
				DFCD2D911B14012800ADB2E7 /* Images.xcassets */,
				DFCD2D931B14012800ADB2E7 /* LaunchScreen.xib */,
				DFCD2D841B14012800ADB2E7 /* Supporting Files */,
				DFCD2DBD1B14095700ADB2E7 /* CLExample1TableViewController.h */,
				DFCD2DBE1B14095700ADB2E7 /* CLExample1TableViewController.m */,
				DFCD2DC01B14096E00ADB2E7 /* CLExample2TableViewController.h */,
				DFCD2DC11B14096E00ADB2E7 /* CLExample2TableViewController.m */,
				DFCD2DC31B140AB800ADB2E7 /* CLExample1Cell.h */,
				DFCD2DC41B140AB800ADB2E7 /* CLExample1Cell.m */,
				DFCD2DC61B140AD400ADB2E7 /* CLExample2Cell.h */,
				DFCD2DC71B140AD400ADB2E7 /* CLExample2Cell.m */,
			);
			path = CLImageViewerDemo;
			sourceTree = "<group>";
		};
		DFCD2D841B14012800ADB2E7 /* Supporting Files */ = {
			isa = PBXGroup;
			children = (
				DFCD2D851B14012800ADB2E7 /* Info.plist */,
				DFCD2D861B14012800ADB2E7 /* main.m */,
			);
			name = "Supporting Files";
			sourceTree = "<group>";
		};
		DFCD2D9D1B14012800ADB2E7 /* CLImageViewerDemoTests */ = {
			isa = PBXGroup;
			children = (
				DFCD2DA01B14012800ADB2E7 /* CLImageViewerDemoTests.m */,
				DFCD2D9E1B14012800ADB2E7 /* Supporting Files */,
			);
			path = CLImageViewerDemoTests;
			sourceTree = "<group>";
		};
		DFCD2D9E1B14012800ADB2E7 /* Supporting Files */ = {
			isa = PBXGroup;
			children = (
				DFCD2D9F1B14012800ADB2E7 /* Info.plist */,
			);
			name = "Supporting Files";
			sourceTree = "<group>";
		};
		E60E86AAB2CC2827F644D684 /* Pods */ = {
			isa = PBXGroup;
			children = (
				5FB56DC6F4C8114BD7F1D56F /* Pods.debug.xcconfig */,
				8BD6FE3EE10360C017F3DAAB /* Pods.release.xcconfig */,
			);
			name = Pods;
			sourceTree = "<group>";
		};
/* End PBXGroup section */

/* Begin PBXNativeTarget section */
		DFCD2D801B14012800ADB2E7 /* CLImageViewerDemo */ = {
			isa = PBXNativeTarget;
			buildConfigurationList = DFCD2DA41B14012800ADB2E7 /* Build configuration list for PBXNativeTarget "CLImageViewerDemo" */;
			buildPhases = (
				53F3DBAD1A7C6DCFA2EC4663 /* Check Pods Manifest.lock */,
				DFCD2D7D1B14012800ADB2E7 /* Sources */,
				DFCD2D7E1B14012800ADB2E7 /* Frameworks */,
				DFCD2D7F1B14012800ADB2E7 /* Resources */,
				3EDB171437BF91EC05B44FE6 /* Copy Pods Resources */,
			);
			buildRules = (
			);
			dependencies = (
			);
			name = CLImageViewerDemo;
			productName = CLImageViewerDemo;
			productReference = DFCD2D811B14012800ADB2E7 /* CLImageViewerDemo.app */;
			productType = "com.apple.product-type.application";
		};
		DFCD2D991B14012800ADB2E7 /* CLImageViewerDemoTests */ = {
			isa = PBXNativeTarget;
			buildConfigurationList = DFCD2DA71B14012800ADB2E7 /* Build configuration list for PBXNativeTarget "CLImageViewerDemoTests" */;
			buildPhases = (
				DFCD2D961B14012800ADB2E7 /* Sources */,
				DFCD2D971B14012800ADB2E7 /* Frameworks */,
				DFCD2D981B14012800ADB2E7 /* Resources */,
			);
			buildRules = (
			);
			dependencies = (
				DFCD2D9C1B14012800ADB2E7 /* PBXTargetDependency */,
			);
			name = CLImageViewerDemoTests;
			productName = CLImageViewerDemoTests;
			productReference = DFCD2D9A1B14012800ADB2E7 /* CLImageViewerDemoTests.xctest */;
			productType = "com.apple.product-type.bundle.unit-test";
		};
/* End PBXNativeTarget section */

/* Begin PBXProject section */
		DFCD2D791B14012800ADB2E7 /* Project object */ = {
			isa = PBXProject;
			attributes = {
				LastUpgradeCheck = 0630;
				ORGANIZATIONNAME = Cloudist;
				TargetAttributes = {
					DFCD2D801B14012800ADB2E7 = {
						CreatedOnToolsVersion = 6.3;
					};
					DFCD2D991B14012800ADB2E7 = {
						CreatedOnToolsVersion = 6.3;
						TestTargetID = DFCD2D801B14012800ADB2E7;
					};
				};
			};
			buildConfigurationList = DFCD2D7C1B14012800ADB2E7 /* Build configuration list for PBXProject "CLImageViewerDemo" */;
			compatibilityVersion = "Xcode 3.2";
			developmentRegion = English;
			hasScannedForEncodings = 0;
			knownRegions = (
				en,
				Base,
			);
			mainGroup = DFCD2D781B14012800ADB2E7;
			productRefGroup = DFCD2D821B14012800ADB2E7 /* Products */;
			projectDirPath = "";
			projectRoot = "";
			targets = (
				DFCD2D801B14012800ADB2E7 /* CLImageViewerDemo */,
				DFCD2D991B14012800ADB2E7 /* CLImageViewerDemoTests */,
			);
		};
/* End PBXProject section */

/* Begin PBXResourcesBuildPhase section */
		DFCD2D7F1B14012800ADB2E7 /* Resources */ = {
			isa = PBXResourcesBuildPhase;
			buildActionMask = 2147483647;
			files = (
				DFCD2D901B14012800ADB2E7 /* Main.storyboard in Resources */,
				DFCD2D951B14012800ADB2E7 /* LaunchScreen.xib in Resources */,
				DFCD2D921B14012800ADB2E7 /* Images.xcassets in Resources */,
			);
			runOnlyForDeploymentPostprocessing = 0;
		};
		DFCD2D981B14012800ADB2E7 /* Resources */ = {
			isa = PBXResourcesBuildPhase;
			buildActionMask = 2147483647;
			files = (
			);
			runOnlyForDeploymentPostprocessing = 0;
		};
/* End PBXResourcesBuildPhase section */

/* Begin PBXShellScriptBuildPhase section */
		3EDB171437BF91EC05B44FE6 /* Copy Pods Resources */ = {
			isa = PBXShellScriptBuildPhase;
			buildActionMask = 2147483647;
			files = (
			);
			inputPaths = (
			);
			name = "Copy Pods Resources";
			outputPaths = (
			);
			runOnlyForDeploymentPostprocessing = 0;
			shellPath = /bin/sh;
			shellScript = "\"${SRCROOT}/Pods/Target Support Files/Pods/Pods-resources.sh\"\n";
			showEnvVarsInLog = 0;
		};
		53F3DBAD1A7C6DCFA2EC4663 /* Check Pods Manifest.lock */ = {
			isa = PBXShellScriptBuildPhase;
			buildActionMask = 2147483647;
			files = (
			);
			inputPaths = (
			);
			name = "Check Pods Manifest.lock";
			outputPaths = (
			);
			runOnlyForDeploymentPostprocessing = 0;
			shellPath = /bin/sh;
			shellScript = "diff \"${PODS_ROOT}/../Podfile.lock\" \"${PODS_ROOT}/Manifest.lock\" > /dev/null\nif [[ $? != 0 ]] ; then\n    cat << EOM\nerror: The sandbox is not in sync with the Podfile.lock. Run 'pod install' or update your CocoaPods installation.\nEOM\n    exit 1\nfi\n";
			showEnvVarsInLog = 0;
		};
/* End PBXShellScriptBuildPhase section */

/* Begin PBXSourcesBuildPhase section */
		DFCD2D7D1B14012800ADB2E7 /* Sources */ = {
			isa = PBXSourcesBuildPhase;
			buildActionMask = 2147483647;
			files = (
				DFCD2D8D1B14012800ADB2E7 /* ViewController.m in Sources */,
				DFCD2D8A1B14012800ADB2E7 /* AppDelegate.m in Sources */,
				DFCD2DBF1B14095700ADB2E7 /* CLExample1TableViewController.m in Sources */,
				DFCD2DC21B14096E00ADB2E7 /* CLExample2TableViewController.m in Sources */,
				DFCD2D871B14012800ADB2E7 /* main.m in Sources */,
				DFCD2DC51B140AB800ADB2E7 /* CLExample1Cell.m in Sources */,
				DFCD2DC81B140AD400ADB2E7 /* CLExample2Cell.m in Sources */,
			);
			runOnlyForDeploymentPostprocessing = 0;
		};
		DFCD2D961B14012800ADB2E7 /* Sources */ = {
			isa = PBXSourcesBuildPhase;
			buildActionMask = 2147483647;
			files = (
				DFCD2DA11B14012800ADB2E7 /* CLImageViewerDemoTests.m in Sources */,
			);
			runOnlyForDeploymentPostprocessing = 0;
		};
/* End PBXSourcesBuildPhase section */

/* Begin PBXTargetDependency section */
		DFCD2D9C1B14012800ADB2E7 /* PBXTargetDependency */ = {
			isa = PBXTargetDependency;
			target = DFCD2D801B14012800ADB2E7 /* CLImageViewerDemo */;
			targetProxy = DFCD2D9B1B14012800ADB2E7 /* PBXContainerItemProxy */;
		};
/* End PBXTargetDependency section */

/* Begin PBXVariantGroup section */
		DFCD2D8E1B14012800ADB2E7 /* Main.storyboard */ = {
			isa = PBXVariantGroup;
			children = (
				DFCD2D8F1B14012800ADB2E7 /* Base */,
			);
			name = Main.storyboard;
			sourceTree = "<group>";
		};
		DFCD2D931B14012800ADB2E7 /* LaunchScreen.xib */ = {
			isa = PBXVariantGroup;
			children = (
				DFCD2D941B14012800ADB2E7 /* Base */,
			);
			name = LaunchScreen.xib;
			sourceTree = "<group>";
		};
/* End PBXVariantGroup section */

/* Begin XCBuildConfiguration section */
		DFCD2DA21B14012800ADB2E7 /* Debug */ = {
			isa = XCBuildConfiguration;
			buildSettings = {
				ALWAYS_SEARCH_USER_PATHS = NO;
				CLANG_CXX_LANGUAGE_STANDARD = "gnu++0x";
				CLANG_CXX_LIBRARY = "libc++";
				CLANG_ENABLE_MODULES = YES;
				CLANG_ENABLE_OBJC_ARC = YES;
				CLANG_WARN_BOOL_CONVERSION = YES;
				CLANG_WARN_CONSTANT_CONVERSION = YES;
				CLANG_WARN_DIRECT_OBJC_ISA_USAGE = YES_ERROR;
				CLANG_WARN_EMPTY_BODY = YES;
				CLANG_WARN_ENUM_CONVERSION = YES;
				CLANG_WARN_INT_CONVERSION = YES;
				CLANG_WARN_OBJC_ROOT_CLASS = YES_ERROR;
				CLANG_WARN_UNREACHABLE_CODE = YES;
				CLANG_WARN__DUPLICATE_METHOD_MATCH = YES;
				"CODE_SIGN_IDENTITY[sdk=iphoneos*]" = "iPhone Developer";
				COPY_PHASE_STRIP = NO;
				DEBUG_INFORMATION_FORMAT = "dwarf-with-dsym";
				ENABLE_STRICT_OBJC_MSGSEND = YES;
				GCC_C_LANGUAGE_STANDARD = gnu99;
				GCC_DYNAMIC_NO_PIC = NO;
				GCC_NO_COMMON_BLOCKS = YES;
				GCC_OPTIMIZATION_LEVEL = 0;
				GCC_PREPROCESSOR_DEFINITIONS = (
					"DEBUG=1",
					"$(inherited)",
				);
				GCC_SYMBOLS_PRIVATE_EXTERN = NO;
				GCC_WARN_64_TO_32_BIT_CONVERSION = YES;
				GCC_WARN_ABOUT_RETURN_TYPE = YES_ERROR;
				GCC_WARN_UNDECLARED_SELECTOR = YES;
				GCC_WARN_UNINITIALIZED_AUTOS = YES_AGGRESSIVE;
				GCC_WARN_UNUSED_FUNCTION = YES;
				GCC_WARN_UNUSED_VARIABLE = YES;
				IPHONEOS_DEPLOYMENT_TARGET = 8.3;
				MTL_ENABLE_DEBUG_INFO = YES;
				ONLY_ACTIVE_ARCH = YES;
				SDKROOT = iphoneos;
			};
			name = Debug;
		};
		DFCD2DA31B14012800ADB2E7 /* Release */ = {
			isa = XCBuildConfiguration;
			buildSettings = {
				ALWAYS_SEARCH_USER_PATHS = NO;
				CLANG_CXX_LANGUAGE_STANDARD = "gnu++0x";
				CLANG_CXX_LIBRARY = "libc++";
				CLANG_ENABLE_MODULES = YES;
				CLANG_ENABLE_OBJC_ARC = YES;
				CLANG_WARN_BOOL_CONVERSION = YES;
				CLANG_WARN_CONSTANT_CONVERSION = YES;
				CLANG_WARN_DIRECT_OBJC_ISA_USAGE = YES_ERROR;
				CLANG_WARN_EMPTY_BODY = YES;
				CLANG_WARN_ENUM_CONVERSION = YES;
				CLANG_WARN_INT_CONVERSION = YES;
				CLANG_WARN_OBJC_ROOT_CLASS = YES_ERROR;
				CLANG_WARN_UNREACHABLE_CODE = YES;
				CLANG_WARN__DUPLICATE_METHOD_MATCH = YES;
				"CODE_SIGN_IDENTITY[sdk=iphoneos*]" = "iPhone Developer";
				COPY_PHASE_STRIP = NO;
				DEBUG_INFORMATION_FORMAT = "dwarf-with-dsym";
				ENABLE_NS_ASSERTIONS = NO;
				ENABLE_STRICT_OBJC_MSGSEND = YES;
				GCC_C_LANGUAGE_STANDARD = gnu99;
				GCC_NO_COMMON_BLOCKS = YES;
				GCC_WARN_64_TO_32_BIT_CONVERSION = YES;
				GCC_WARN_ABOUT_RETURN_TYPE = YES_ERROR;
				GCC_WARN_UNDECLARED_SELECTOR = YES;
				GCC_WARN_UNINITIALIZED_AUTOS = YES_AGGRESSIVE;
				GCC_WARN_UNUSED_FUNCTION = YES;
				GCC_WARN_UNUSED_VARIABLE = YES;
				IPHONEOS_DEPLOYMENT_TARGET = 8.3;
				MTL_ENABLE_DEBUG_INFO = NO;
				SDKROOT = iphoneos;
				VALIDATE_PRODUCT = YES;
			};
			name = Release;
		};
		DFCD2DA51B14012800ADB2E7 /* Debug */ = {
			isa = XCBuildConfiguration;
			baseConfigurationReference = 5FB56DC6F4C8114BD7F1D56F /* Pods.debug.xcconfig */;
			buildSettings = {
				ASSETCATALOG_COMPILER_APPICON_NAME = AppIcon;
				INFOPLIST_FILE = CLImageViewerDemo/Info.plist;
				LD_RUNPATH_SEARCH_PATHS = "$(inherited) @executable_path/Frameworks";
				PRODUCT_NAME = "$(TARGET_NAME)";
			};
			name = Debug;
		};
		DFCD2DA61B14012800ADB2E7 /* Release */ = {
			isa = XCBuildConfiguration;
			baseConfigurationReference = 8BD6FE3EE10360C017F3DAAB /* Pods.release.xcconfig */;
			buildSettings = {
				ASSETCATALOG_COMPILER_APPICON_NAME = AppIcon;
				INFOPLIST_FILE = CLImageViewerDemo/Info.plist;
				LD_RUNPATH_SEARCH_PATHS = "$(inherited) @executable_path/Frameworks";
				PRODUCT_NAME = "$(TARGET_NAME)";
			};
			name = Release;
		};
		DFCD2DA81B14012800ADB2E7 /* Debug */ = {
			isa = XCBuildConfiguration;
			buildSettings = {
				BUNDLE_LOADER = "$(TEST_HOST)";
				FRAMEWORK_SEARCH_PATHS = (
					"$(SDKROOT)/Developer/Library/Frameworks",
					"$(inherited)",
				);
				GCC_PREPROCESSOR_DEFINITIONS = (
					"DEBUG=1",
					"$(inherited)",
				);
				INFOPLIST_FILE = CLImageViewerDemoTests/Info.plist;
				LD_RUNPATH_SEARCH_PATHS = "$(inherited) @executable_path/Frameworks @loader_path/Frameworks";
				PRODUCT_NAME = "$(TARGET_NAME)";
				TEST_HOST = "$(BUILT_PRODUCTS_DIR)/CLImageViewerDemo.app/CLImageViewerDemo";
			};
			name = Debug;
		};
		DFCD2DA91B14012800ADB2E7 /* Release */ = {
			isa = XCBuildConfiguration;
			buildSettings = {
				BUNDLE_LOADER = "$(TEST_HOST)";
				FRAMEWORK_SEARCH_PATHS = (
					"$(SDKROOT)/Developer/Library/Frameworks",
					"$(inherited)",
				);
				INFOPLIST_FILE = CLImageViewerDemoTests/Info.plist;
				LD_RUNPATH_SEARCH_PATHS = "$(inherited) @executable_path/Frameworks @loader_path/Frameworks";
				PRODUCT_NAME = "$(TARGET_NAME)";
				TEST_HOST = "$(BUILT_PRODUCTS_DIR)/CLImageViewerDemo.app/CLImageViewerDemo";
			};
			name = Release;
		};
/* End XCBuildConfiguration section */

/* Begin XCConfigurationList section */
		DFCD2D7C1B14012800ADB2E7 /* Build configuration list for PBXProject "CLImageViewerDemo" */ = {
			isa = XCConfigurationList;
			buildConfigurations = (
				DFCD2DA21B14012800ADB2E7 /* Debug */,
				DFCD2DA31B14012800ADB2E7 /* Release */,
			);
			defaultConfigurationIsVisible = 0;
			defaultConfigurationName = Release;
		};
		DFCD2DA41B14012800ADB2E7 /* Build configuration list for PBXNativeTarget "CLImageViewerDemo" */ = {
			isa = XCConfigurationList;
			buildConfigurations = (
				DFCD2DA51B14012800ADB2E7 /* Debug */,
				DFCD2DA61B14012800ADB2E7 /* Release */,
			);
			defaultConfigurationIsVisible = 0;
			defaultConfigurationName = Release;
		};
		DFCD2DA71B14012800ADB2E7 /* Build configuration list for PBXNativeTarget "CLImageViewerDemoTests" */ = {
			isa = XCConfigurationList;
			buildConfigurations = (
				DFCD2DA81B14012800ADB2E7 /* Debug */,
				DFCD2DA91B14012800ADB2E7 /* Release */,
			);
			defaultConfigurationIsVisible = 0;
			defaultConfigurationName = Release;
		};
/* End XCConfigurationList section */
	};
	rootObject = DFCD2D791B14012800ADB2E7 /* Project object */;
}
